
Microsoft Visual Studio Solution File, Format Version 12.00
# Visual Studio Version 17
VisualStudioVersion = 17.9.34723.18
MinimumVisualStudioVersion = 10.0.40219.1
Project("{F184B08F-C81C-45F6-A57F-5ABD9991F28F}") = "Counting Sort VB", "Counting Sort VB\Counting Sort VB.vbproj", "{FDD4812D-DFEE-40CB-B23B-689FD4ECB9AE}"
EndProject
Global
	GlobalSection(SolutionConfigurationPlatforms) = preSolution
		Debug|Any CPU = Debug|Any CPU
		Release|Any CPU = Release|Any CPU
	EndGlobalSection
	GlobalSection(ProjectConfigurationPlatforms) = postSolution
		{FDD4812D-DFEE-40CB-B23B-689FD4ECB9AE}.Debug|Any CPU.ActiveCfg = Debug|Any CPU
		{FDD4812D-DFEE-40CB-B23B-689FD4ECB9AE}.Debug|Any CPU.Build.0 = Debug|Any CPU
		{FDD4812D-DFEE-40CB-B23B-689FD4ECB9AE}.Release|Any CPU.ActiveCfg = Release|Any CPU
		{FDD4812D-DFEE-40CB-B23B-689FD4ECB9AE}.Release|Any CPU.Build.0 = Release|Any CPU
	EndGlobalSection
	GlobalSection(SolutionProperties) = preSolution
		HideSolutionNode = FALSE
	EndGlobalSection
	GlobalSection(ExtensibilityGlobals) = postSolution
		SolutionGuid = {8740893D-2B64-4745-ACAF-D03DE28156C7}
	EndGlobalSection
EndGlobal
